
Microsoft Visual Studio Solution File, Format Version 12.00
# Visual Studio Version 16
VisualStudioVersion = 16.0.33328.57
MinimumVisualStudioVersion = 10.0.40219.1
Project("{FAE04EC0-301F-11D3-BF4B-00C04F79EFBC}") = "PR", "PR\PR.csproj", "{7B1A6913-C3C9-4BAD-8469-96EDD2C542A8}"
EndProject
Global
	GlobalSection(SolutionConfigurationPlatforms) = preSolution
		Debug|Any CPU = Debug|Any CPU
		Release|Any CPU = Release|Any CPU
	EndGlobalSection
	GlobalSection(ProjectConfigurationPlatforms) = postSolution
		{7B1A6913-C3C9-4BAD-8469-96EDD2C542A8}.Debug|Any CPU.ActiveCfg = Debug|Any CPU
		{7B1A6913-C3C9-4BAD-8469-96EDD2C542A8}.Debug|Any CPU.Build.0 = Debug|Any CPU
		{7B1A6913-C3C9-4BAD-8469-96EDD2C542A8}.Release|Any CPU.ActiveCfg = Release|Any CPU
		{7B1A6913-C3C9-4BAD-8469-96EDD2C542A8}.Release|Any CPU.Build.0 = Release|Any CPU
	EndGlobalSection
	GlobalSection(SolutionProperties) = preSolution
		HideSolutionNode = FALSE
	EndGlobalSection
	GlobalSection(ExtensibilityGlobals) = postSolution
		SolutionGuid = {4190A579-BA6D-4EE9-B505-A6E26F749FE7}
	EndGlobalSection
EndGlobal
